
Microsoft Visual Studio Solution File, Format Version 12.00
# Visual Studio Version 17
VisualStudioVersion = 17.0.31903.59
MinimumVisualStudioVersion = 10.0.40219.1
Project("{2150E333-8FDC-42A3-9474-1A3956D46DE8}") = "src", "src", "{827E0CD3-B72D-47B6-A68D-7590B98EB39B}"
EndProject
Project("{FAE04EC0-301F-11D3-BF4B-00C04F79EFBC}") = "ClaudeMeter.Domain", "src\ClaudeMeter.Domain\ClaudeMeter.Domain.csproj", "{B7A2456C-FB5B-440B-811C-F0B19E70B822}"
EndProject
Project("{FAE04EC0-301F-11D3-BF4B-00C04F79EFBC}") = "ClaudeMeter.Application", "src\ClaudeMeter.Application\ClaudeMeter.Application.csproj", "{526906F4-6D51-4B77-A3A1-ED37C47246C0}"
EndProject
Project("{FAE04EC0-301F-11D3-BF4B-00C04F79EFBC}") = "ClaudeMeter.Infrastructure", "src\ClaudeMeter.Infrastructure\ClaudeMeter.Infrastructure.csproj", "{F6A35DE7-3CA2-41EF-83BA-8D176DD1EFAB}"
EndProject
Project("{FAE04EC0-301F-11D3-BF4B-00C04F79EFBC}") = "ClaudeMeter.Desktop", "src\ClaudeMeter.Desktop\ClaudeMeter.Desktop.csproj", "{859901EA-271F-4F4D-B43C-1B961C8BB299}"
EndProject
Project("{2150E333-8FDC-42A3-9474-1A3956D46DE8}") = "test", "test", "{0C88DD14-F956-CE84-757C-A364CCF449FC}"
EndProject
Project("{FAE04EC0-301F-11D3-BF4B-00C04F79EFBC}") = "ClaudeMeter.Domain.Tests", "test\ClaudeMeter.Domain.Tests\ClaudeMeter.Domain.Tests.csproj", "{D7D7A2AB-EA06-4F6D-9CA8-F1F8AC60E329}"
EndProject
Project("{FAE04EC0-301F-11D3-BF4B-00C04F79EFBC}") = "ClaudeMeter.Application.Tests", "test\ClaudeMeter.Application.Tests\ClaudeMeter.Application.Tests.csproj", "{2E4B2A14-1771-442A-A8BF-067F54682F07}"
EndProject
Project("{FAE04EC0-301F-11D3-BF4B-00C04F79EFBC}") = "ClaudeMeter.Infrastructure.Tests", "test\ClaudeMeter.Infrastructure.Tests\ClaudeMeter.Infrastructure.Tests.csproj", "{08DF32DF-50F1-4249-88C8-DF94F5D9A535}"
EndProject
Project("{FAE04EC0-301F-11D3-BF4B-00C04F79EFBC}") = "ClaudeMeter.Desktop.Tests", "test\ClaudeMeter.Desktop.Tests\ClaudeMeter.Desktop.Tests.csproj", "{9FF93E67-C620-4398-A217-3DA22AC956F3}"
EndProject
Project("{FAE04EC0-301F-11D3-BF4B-00C04F79EFBC}") = "ClaudeMeter.Console", "src\ClaudeMeter.Console\ClaudeMeter.Console.csproj", "{335014FF-1E4E-404C-AFB4-8E9EEE06DD82}"
EndProject
Project("{FAE04EC0-301F-11D3-BF4B-00C04F79EFBC}") = "ClaudeMeter.Console.Tests", "test\ClaudeMeter.Console.Tests\ClaudeMeter.Console.Tests.csproj", "{0CD4CBD6-0104-4DED-9377-5175E28F35B5}"
EndProject
Global
	GlobalSection(SolutionConfigurationPlatforms) = preSolution
		Debug|Any CPU = Debug|Any CPU
		Debug|x64 = Debug|x64
		Debug|x86 = Debug|x86
		Release|Any CPU = Release|Any CPU
		Release|x64 = Release|x64
		Release|x86 = Release|x86
	EndGlobalSection
	GlobalSection(ProjectConfigurationPlatforms) = postSolution
		{B7A2456C-FB5B-440B-811C-F0B19E70B822}.Debug|Any CPU.ActiveCfg = Debug|Any CPU
		{B7A2456C-FB5B-440B-811C-F0B19E70B822}.Debug|Any CPU.Build.0 = Debug|Any CPU
		{B7A2456C-FB5B-440B-811C-F0B19E70B822}.Debug|x64.ActiveCfg = Debug|Any CPU
		{B7A2456C-FB5B-440B-811C-F0B19E70B822}.Debug|x64.Build.0 = Debug|Any CPU
		{B7A2456C-FB5B-440B-811C-F0B19E70B822}.Debug|x86.ActiveCfg = Debug|Any CPU
		{B7A2456C-FB5B-440B-811C-F0B19E70B822}.Debug|x86.Build.0 = Debug|Any CPU
		{B7A2456C-FB5B-440B-811C-F0B19E70B822}.Release|Any CPU.ActiveCfg = Release|Any CPU
		{B7A2456C-FB5B-440B-811C-F0B19E70B822}.Release|Any CPU.Build.0 = Release|Any CPU
		{B7A2456C-FB5B-440B-811C-F0B19E70B822}.Release|x64.ActiveCfg = Release|Any CPU
		{B7A2456C-FB5B-440B-811C-F0B19E70B822}.Release|x64.Build.0 = Release|Any CPU
		{B7A2456C-FB5B-440B-811C-F0B19E70B822}.Release|x86.ActiveCfg = Release|Any CPU
		{B7A2456C-FB5B-440B-811C-F0B19E70B822}.Release|x86.Build.0 = Release|Any CPU
		{526906F4-6D51-4B77-A3A1-ED37C47246C0}.Debug|Any CPU.ActiveCfg = Debug|Any CPU
		{526906F4-6D51-4B77-A3A1-ED37C47246C0}.Debug|Any CPU.Build.0 = Debug|Any CPU
		{526906F4-6D51-4B77-A3A1-ED37C47246C0}.Debug|x64.ActiveCfg = Debug|Any CPU
		{526906F4-6D51-4B77-A3A1-ED37C47246C0}.Debug|x64.Build.0 = Debug|Any CPU
		{526906F4-6D51-4B77-A3A1-ED37C47246C0}.Debug|x86.ActiveCfg = Debug|Any CPU
		{526906F4-6D51-4B77-A3A1-ED37C47246C0}.Debug|x86.Build.0 = Debug|Any CPU
		{526906F4-6D51-4B77-A3A1-ED37C47246C0}.Release|Any CPU.ActiveCfg = Release|Any CPU
		{526906F4-6D51-4B77-A3A1-ED37C47246C0}.Release|Any CPU.Build.0 = Release|Any CPU
		{526906F4-6D51-4B77-A3A1-ED37C47246C0}.Release|x64.ActiveCfg = Release|Any CPU
		{526906F4-6D51-4B77-A3A1-ED37C47246C0}.Release|x64.Build.0 = Release|Any CPU
		{526906F4-6D51-4B77-A3A1-ED37C47246C0}.Release|x86.ActiveCfg = Release|Any CPU
		{526906F4-6D51-4B77-A3A1-ED37C47246C0}.Release|x86.Build.0 = Release|Any CPU
		{F6A35DE7-3CA2-41EF-83BA-8D176DD1EFAB}.Debug|Any CPU.ActiveCfg = Debug|Any CPU
		{F6A35DE7-3CA2-41EF-83BA-8D176DD1EFAB}.Debug|Any CPU.Build.0 = Debug|Any CPU
		{F6A35DE7-3CA2-41EF-83BA-8D176DD1EFAB}.Debug|x64.ActiveCfg = Debug|Any CPU
		{F6A35DE7-3CA2-41EF-83BA-8D176DD1EFAB}.Debug|x64.Build.0 = Debug|Any CPU
		{F6A35DE7-3CA2-41EF-83BA-8D176DD1EFAB}.Debug|x86.ActiveCfg = Debug|Any CPU
		{F6A35DE7-3CA2-41EF-83BA-8D176DD1EFAB}.Debug|x86.Build.0 = Debug|Any CPU
		{F6A35DE7-3CA2-41EF-83BA-8D176DD1EFAB}.Release|Any CPU.ActiveCfg = Release|Any CPU
		{F6A35DE7-3CA2-41EF-83BA-8D176DD1EFAB}.Release|Any CPU.Build.0 = Release|Any CPU
		{F6A35DE7-3CA2-41EF-83BA-8D176DD1EFAB}.Release|x64.ActiveCfg = Release|Any CPU
		{F6A35DE7-3CA2-41EF-83BA-8D176DD1EFAB}.Release|x64.Build.0 = Release|Any CPU
		{F6A35DE7-3CA2-41EF-83BA-8D176DD1EFAB}.Release|x86.ActiveCfg = Release|Any CPU
		{F6A35DE7-3CA2-41EF-83BA-8D176DD1EFAB}.Release|x86.Build.0 = Release|Any CPU
		{859901EA-271F-4F4D-B43C-1B961C8BB299}.Debug|Any CPU.ActiveCfg = Debug|Any CPU
		{859901EA-271F-4F4D-B43C-1B961C8BB299}.Debug|Any CPU.Build.0 = Debug|Any CPU
		{859901EA-271F-4F4D-B43C-1B961C8BB299}.Debug|x64.ActiveCfg = Debug|Any CPU
		{859901EA-271F-4F4D-B43C-1B961C8BB299}.Debug|x64.Build.0 = Debug|Any CPU
		{859901EA-271F-4F4D-B43C-1B961C8BB299}.Debug|x86.ActiveCfg = Debug|Any CPU
		{859901EA-271F-4F4D-B43C-1B961C8BB299}.Debug|x86.Build.0 = Debug|Any CPU
		{859901EA-271F-4F4D-B43C-1B961C8BB299}.Release|Any CPU.ActiveCfg = Release|Any CPU
		{859901EA-271F-4F4D-B43C-1B961C8BB299}.Release|Any CPU.Build.0 = Release|Any CPU
		{859901EA-271F-4F4D-B43C-1B961C8BB299}.Release|x64.ActiveCfg = Release|Any CPU
		{859901EA-271F-4F4D-B43C-1B961C8BB299}.Release|x64.Build.0 = Release|Any CPU
		{859901EA-271F-4F4D-B43C-1B961C8BB299}.Release|x86.ActiveCfg = Release|Any CPU
		{859901EA-271F-4F4D-B43C-1B961C8BB299}.Release|x86.Build.0 = Release|Any CPU
		{D7D7A2AB-EA06-4F6D-9CA8-F1F8AC60E329}.Debug|Any CPU.ActiveCfg = Debug|Any CPU
		{D7D7A2AB-EA06-4F6D-9CA8-F1F8AC60E329}.Debug|Any CPU.Build.0 = Debug|Any CPU
		{D7D7A2AB-EA06-4F6D-9CA8-F1F8AC60E329}.Debug|x64.ActiveCfg = Debug|Any CPU
		{D7D7A2AB-EA06-4F6D-9CA8-F1F8AC60E329}.Debug|x64.Build.0 = Debug|Any CPU
		{D7D7A2AB-EA06-4F6D-9CA8-F1F8AC60E329}.Debug|x86.ActiveCfg = Debug|Any CPU
		{D7D7A2AB-EA06-4F6D-9CA8-F1F8AC60E329}.Debug|x86.Build.0 = Debug|Any CPU
		{D7D7A2AB-EA06-4F6D-9CA8-F1F8AC60E329}.Release|Any CPU.ActiveCfg = Release|Any CPU
		{D7D7A2AB-EA06-4F6D-9CA8-F1F8AC60E329}.Release|Any CPU.Build.0 = Release|Any CPU
		{D7D7A2AB-EA06-4F6D-9CA8-F1F8AC60E329}.Release|x64.ActiveCfg = Release|Any CPU
		{D7D7A2AB-EA06-4F6D-9CA8-F1F8AC60E329}.Release|x64.Build.0 = Release|Any CPU
		{D7D7A2AB-EA06-4F6D-9CA8-F1F8AC60E329}.Release|x86.ActiveCfg = Release|Any CPU
		{D7D7A2AB-EA06-4F6D-9CA8-F1F8AC60E329}.Release|x86.Build.0 = Release|Any CPU
		{2E4B2A14-1771-442A-A8BF-067F54682F07}.Debug|Any CPU.ActiveCfg = Debug|Any CPU
		{2E4B2A14-1771-442A-A8BF-067F54682F07}.Debug|Any CPU.Build.0 = Debug|Any CPU
		{2E4B2A14-1771-442A-A8BF-067F54682F07}.Debug|x64.ActiveCfg = Debug|Any CPU
		{2E4B2A14-1771-442A-A8BF-067F54682F07}.Debug|x64.Build.0 = Debug|Any CPU
		{2E4B2A14-1771-442A-A8BF-067F54682F07}.Debug|x86.ActiveCfg = Debug|Any CPU
		{2E4B2A14-1771-442A-A8BF-067F54682F07}.Debug|x86.Build.0 = Debug|Any CPU
		{2E4B2A14-1771-442A-A8BF-067F54682F07}.Release|Any CPU.ActiveCfg = Release|Any CPU
		{2E4B2A14-1771-442A-A8BF-067F54682F07}.Release|Any CPU.Build.0 = Release|Any CPU
		{2E4B2A14-1771-442A-A8BF-067F54682F07}.Release|x64.ActiveCfg = Release|Any CPU
		{2E4B2A14-1771-442A-A8BF-067F54682F07}.Release|x64.Build.0 = Release|Any CPU
		{2E4B2A14-1771-442A-A8BF-067F54682F07}.Release|x86.ActiveCfg = Release|Any CPU
		{2E4B2A14-1771-442A-A8BF-067F54682F07}.Release|x86.Build.0 = Release|Any CPU
		{08DF32DF-50F1-4249-88C8-DF94F5D9A535}.Debug|Any CPU.ActiveCfg = Debug|Any CPU
		{08DF32DF-50F1-4249-88C8-DF94F5D9A535}.Debug|Any CPU.Build.0 = Debug|Any CPU
		{08DF32DF-50F1-4249-88C8-DF94F5D9A535}.Debug|x64.ActiveCfg = Debug|Any CPU
		{08DF32DF-50F1-4249-88C8-DF94F5D9A535}.Debug|x64.Build.0 = Debug|Any CPU
		{08DF32DF-50F1-4249-88C8-DF94F5D9A535}.Debug|x86.ActiveCfg = Debug|Any CPU
		{08DF32DF-50F1-4249-88C8-DF94F5D9A535}.Debug|x86.Build.0 = Debug|Any CPU
		{08DF32DF-50F1-4249-88C8-DF94F5D9A535}.Release|Any CPU.ActiveCfg = Release|Any CPU
		{08DF32DF-50F1-4249-88C8-DF94F5D9A535}.Release|Any CPU.Build.0 = Release|Any CPU
		{08DF32DF-50F1-4249-88C8-DF94F5D9A535}.Release|x64.ActiveCfg = Release|Any CPU
		{08DF32DF-50F1-4249-88C8-DF94F5D9A535}.Release|x64.Build.0 = Release|Any CPU
		{08DF32DF-50F1-4249-88C8-DF94F5D9A535}.Release|x86.ActiveCfg = Release|Any CPU
		{08DF32DF-50F1-4249-88C8-DF94F5D9A535}.Release|x86.Build.0 = Release|Any CPU
		{9FF93E67-C620-4398-A217-3DA22AC956F3}.Debug|Any CPU.ActiveCfg = Debug|Any CPU
		{9FF93E67-C620-4398-A217-3DA22AC956F3}.Debug|Any CPU.Build.0 = Debug|Any CPU
		{9FF93E67-C620-4398-A217-3DA22AC956F3}.Debug|x64.ActiveCfg = Debug|Any CPU
		{9FF93E67-C620-4398-A217-3DA22AC956F3}.Debug|x64.Build.0 = Debug|Any CPU
		{9FF93E67-C620-4398-A217-3DA22AC956F3}.Debug|x86.ActiveCfg = Debug|Any CPU
		{9FF93E67-C620-4398-A217-3DA22AC956F3}.Debug|x86.Build.0 = Debug|Any CPU
		{9FF93E67-C620-4398-A217-3DA22AC956F3}.Release|Any CPU.ActiveCfg = Release|Any CPU
		{9FF93E67-C620-4398-A217-3DA22AC956F3}.Release|Any CPU.Build.0 = Release|Any CPU
		{9FF93E67-C620-4398-A217-3DA22AC956F3}.Release|x64.ActiveCfg = Release|Any CPU
		{9FF93E67-C620-4398-A217-3DA22AC956F3}.Release|x64.Build.0 = Release|Any CPU
		{9FF93E67-C620-4398-A217-3DA22AC956F3}.Release|x86.ActiveCfg = Release|Any CPU
		{9FF93E67-C620-4398-A217-3DA22AC956F3}.Release|x86.Build.0 = Release|Any CPU
		{335014FF-1E4E-404C-AFB4-8E9EEE06DD82}.Debug|Any CPU.ActiveCfg = Debug|Any CPU
		{335014FF-1E4E-404C-AFB4-8E9EEE06DD82}.Debug|Any CPU.Build.0 = Debug|Any CPU
		{335014FF-1E4E-404C-AFB4-8E9EEE06DD82}.Debug|x64.ActiveCfg = Debug|Any CPU
		{335014FF-1E4E-404C-AFB4-8E9EEE06DD82}.Debug|x64.Build.0 = Debug|Any CPU
		{335014FF-1E4E-404C-AFB4-8E9EEE06DD82}.Debug|x86.ActiveCfg = Debug|Any CPU
		{335014FF-1E4E-404C-AFB4-8E9EEE06DD82}.Debug|x86.Build.0 = Debug|Any CPU
		{335014FF-1E4E-404C-AFB4-8E9EEE06DD82}.Release|Any CPU.ActiveCfg = Release|Any CPU
		{335014FF-1E4E-404C-AFB4-8E9EEE06DD82}.Release|Any CPU.Build.0 = Release|Any CPU
		{335014FF-1E4E-404C-AFB4-8E9EEE06DD82}.Release|x64.ActiveCfg = Release|Any CPU
		{335014FF-1E4E-404C-AFB4-8E9EEE06DD82}.Release|x64.Build.0 = Release|Any CPU
		{335014FF-1E4E-404C-AFB4-8E9EEE06DD82}.Release|x86.ActiveCfg = Release|Any CPU
		{335014FF-1E4E-404C-AFB4-8E9EEE06DD82}.Release|x86.Build.0 = Release|Any CPU
		{0CD4CBD6-0104-4DED-9377-5175E28F35B5}.Debug|Any CPU.ActiveCfg = Debug|Any CPU
		{0CD4CBD6-0104-4DED-9377-5175E28F35B5}.Debug|Any CPU.Build.0 = Debug|Any CPU
		{0CD4CBD6-0104-4DED-9377-5175E28F35B5}.Debug|x64.ActiveCfg = Debug|Any CPU
		{0CD4CBD6-0104-4DED-9377-5175E28F35B5}.Debug|x64.Build.0 = Debug|Any CPU
		{0CD4CBD6-0104-4DED-9377-5175E28F35B5}.Debug|x86.ActiveCfg = Debug|Any CPU
		{0CD4CBD6-0104-4DED-9377-5175E28F35B5}.Debug|x86.Build.0 = Debug|Any CPU
		{0CD4CBD6-0104-4DED-9377-5175E28F35B5}.Release|Any CPU.ActiveCfg = Release|Any CPU
		{0CD4CBD6-0104-4DED-9377-5175E28F35B5}.Release|Any CPU.Build.0 = Release|Any CPU
		{0CD4CBD6-0104-4DED-9377-5175E28F35B5}.Release|x64.ActiveCfg = Release|Any CPU
		{0CD4CBD6-0104-4DED-9377-5175E28F35B5}.Release|x64.Build.0 = Release|Any CPU
		{0CD4CBD6-0104-4DED-9377-5175E28F35B5}.Release|x86.ActiveCfg = Release|Any CPU
		{0CD4CBD6-0104-4DED-9377-5175E28F35B5}.Release|x86.Build.0 = Release|Any CPU
	EndGlobalSection
	GlobalSection(SolutionProperties) = preSolution
		HideSolutionNode = FALSE
	EndGlobalSection
	GlobalSection(NestedProjects) = preSolution
		{B7A2456C-FB5B-440B-811C-F0B19E70B822} = {827E0CD3-B72D-47B6-A68D-7590B98EB39B}
		{526906F4-6D51-4B77-A3A1-ED37C47246C0} = {827E0CD3-B72D-47B6-A68D-7590B98EB39B}
		{F6A35DE7-3CA2-41EF-83BA-8D176DD1EFAB} = {827E0CD3-B72D-47B6-A68D-7590B98EB39B}
		{859901EA-271F-4F4D-B43C-1B961C8BB299} = {827E0CD3-B72D-47B6-A68D-7590B98EB39B}
		{D7D7A2AB-EA06-4F6D-9CA8-F1F8AC60E329} = {0C88DD14-F956-CE84-757C-A364CCF449FC}
		{2E4B2A14-1771-442A-A8BF-067F54682F07} = {0C88DD14-F956-CE84-757C-A364CCF449FC}
		{08DF32DF-50F1-4249-88C8-DF94F5D9A535} = {0C88DD14-F956-CE84-757C-A364CCF449FC}
		{9FF93E67-C620-4398-A217-3DA22AC956F3} = {0C88DD14-F956-CE84-757C-A364CCF449FC}
		{335014FF-1E4E-404C-AFB4-8E9EEE06DD82} = {827E0CD3-B72D-47B6-A68D-7590B98EB39B}
		{0CD4CBD6-0104-4DED-9377-5175E28F35B5} = {0C88DD14-F956-CE84-757C-A364CCF449FC}
	EndGlobalSection
EndGlobal
